
Microsoft Visual Studio Solution File, Format Version 12.00
# Visual Studio 15
VisualStudioVersion = 15.0.27130.2027
MinimumVisualStudioVersion = 10.0.40219.1
Project("{FAE04EC0-301F-11D3-BF4B-00C04F79EFBC}") = "BotIntegrationWithQnA-LUIS", "BotIntegrationWithQnA-LUIS\BotIntegrationWithQnA-LUIS.csproj", "{5CAF82B4-DD4E-45CD-AC89-9680A246DDA1}"
EndProject
Global
	GlobalSection(SolutionConfigurationPlatforms) = preSolution
		Debug|Any CPU = Debug|Any CPU
		Release|Any CPU = Release|Any CPU
	EndGlobalSection
	GlobalSection(ProjectConfigurationPlatforms) = postSolution
		{5CAF82B4-DD4E-45CD-AC89-9680A246DDA1}.Debug|Any CPU.ActiveCfg = Debug|Any CPU
		{5CAF82B4-DD4E-45CD-AC89-9680A246DDA1}.Debug|Any CPU.Build.0 = Debug|Any CPU
		{5CAF82B4-DD4E-45CD-AC89-9680A246DDA1}.Release|Any CPU.ActiveCfg = Release|Any CPU
		{5CAF82B4-DD4E-45CD-AC89-9680A246DDA1}.Release|Any CPU.Build.0 = Release|Any CPU
	EndGlobalSection
	GlobalSection(SolutionProperties) = preSolution
		HideSolutionNode = FALSE
	EndGlobalSection
	GlobalSection(ExtensibilityGlobals) = postSolution
		SolutionGuid = {D5696D64-1298-4FB3-B86B-55284AEF88AB}
	EndGlobalSection
EndGlobal
